
Microsoft Visual Studio Solution File, Format Version 12.00
# Visual Studio Version 17
VisualStudioVersion = 17.7.34221.43
MinimumVisualStudioVersion = 10.0.40219.1
Project("{FAE04EC0-301F-11D3-BF4B-00C04F79EFBC}") = "MathsProject", "MathsProject\MathsProject.csproj", "{30AA7AE8-5AB0-485F-80C0-75D70A3D0369}"
EndProject
Project("{FAE04EC0-301F-11D3-BF4B-00C04F79EFBC}") = "TestMathsProject", "TestMathsProject\TestMathsProject.csproj", "{24553F78-208D-43FA-B342-2C66C7696ADC}"
EndProject
Global
	GlobalSection(SolutionConfigurationPlatforms) = preSolution
		Debug|Any CPU = Debug|Any CPU
		Release|Any CPU = Release|Any CPU
	EndGlobalSection
	GlobalSection(ProjectConfigurationPlatforms) = postSolution
		{30AA7AE8-5AB0-485F-80C0-75D70A3D0369}.Debug|Any CPU.ActiveCfg = Debug|Any CPU
		{30AA7AE8-5AB0-485F-80C0-75D70A3D0369}.Debug|Any CPU.Build.0 = Debug|Any CPU
		{30AA7AE8-5AB0-485F-80C0-75D70A3D0369}.Release|Any CPU.ActiveCfg = Release|Any CPU
		{30AA7AE8-5AB0-485F-80C0-75D70A3D0369}.Release|Any CPU.Build.0 = Release|Any CPU
		{24553F78-208D-43FA-B342-2C66C7696ADC}.Debug|Any CPU.ActiveCfg = Debug|Any CPU
		{24553F78-208D-43FA-B342-2C66C7696ADC}.Debug|Any CPU.Build.0 = Debug|Any CPU
		{24553F78-208D-43FA-B342-2C66C7696ADC}.Release|Any CPU.ActiveCfg = Release|Any CPU
		{24553F78-208D-43FA-B342-2C66C7696ADC}.Release|Any CPU.Build.0 = Release|Any CPU
	EndGlobalSection
	GlobalSection(SolutionProperties) = preSolution
		HideSolutionNode = FALSE
	EndGlobalSection
	GlobalSection(ExtensibilityGlobals) = postSolution
		SolutionGuid = {03BE8E6F-9E8F-43A4-A202-26EDE371B574}
	EndGlobalSection
EndGlobal
